
Microsoft Visual Studio Solution File, Format Version 12.00
# Visual Studio 15
VisualStudioVersion = 15.0.28010.2046
MinimumVisualStudioVersion = 10.0.40219.1
Project("{FAE04EC0-301F-11D3-BF4B-00C04F79EFBC}") = "Xamarinbmi.Android", "Xamarinbmi\Xamarinbmi.Android\Xamarinbmi.Android.csproj", "{8784C149-30D6-4B3A-91F4-FC5BC4675EE8}"
EndProject
Project("{FAE04EC0-301F-11D3-BF4B-00C04F79EFBC}") = "Xamarinbmi.iOS", "Xamarinbmi\Xamarinbmi.iOS\Xamarinbmi.iOS.csproj", "{C6A6D2F6-5E08-4A28-AC6C-FB088A23D50F}"
EndProject
Project("{FAE04EC0-301F-11D3-BF4B-00C04F79EFBC}") = "Xamarinbmi", "Xamarinbmi\Xamarinbmi\Xamarinbmi.csproj", "{40CF90C5-4699-471C-83BC-4F94B6794E5C}"
EndProject
Global
	GlobalSection(SolutionConfigurationPlatforms) = preSolution
		Ad-Hoc|Any CPU = Ad-Hoc|Any CPU
		Ad-Hoc|iPhone = Ad-Hoc|iPhone
		Ad-Hoc|iPhoneSimulator = Ad-Hoc|iPhoneSimulator
		AppStore|Any CPU = AppStore|Any CPU
		AppStore|iPhone = AppStore|iPhone
		AppStore|iPhoneSimulator = AppStore|iPhoneSimulator
		Debug|Any CPU = Debug|Any CPU
		Debug|iPhone = Debug|iPhone
		Debug|iPhoneSimulator = Debug|iPhoneSimulator
		Release|Any CPU = Release|Any CPU
		Release|iPhone = Release|iPhone
		Release|iPhoneSimulator = Release|iPhoneSimulator
	EndGlobalSection
	GlobalSection(ProjectConfigurationPlatforms) = postSolution
		{8784C149-30D6-4B3A-91F4-FC5BC4675EE8}.Ad-Hoc|Any CPU.ActiveCfg = Release|Any CPU
		{8784C149-30D6-4B3A-91F4-FC5BC4675EE8}.Ad-Hoc|Any CPU.Build.0 = Release|Any CPU
		{8784C149-30D6-4B3A-91F4-FC5BC4675EE8}.Ad-Hoc|Any CPU.Deploy.0 = Release|Any CPU
		{8784C149-30D6-4B3A-91F4-FC5BC4675EE8}.Ad-Hoc|iPhone.ActiveCfg = Release|Any CPU
		{8784C149-30D6-4B3A-91F4-FC5BC4675EE8}.Ad-Hoc|iPhone.Build.0 = Release|Any CPU
		{8784C149-30D6-4B3A-91F4-FC5BC4675EE8}.Ad-Hoc|iPhone.Deploy.0 = Release|Any CPU
		{8784C149-30D6-4B3A-91F4-FC5BC4675EE8}.Ad-Hoc|iPhoneSimulator.ActiveCfg = Release|Any CPU
		{8784C149-30D6-4B3A-91F4-FC5BC4675EE8}.Ad-Hoc|iPhoneSimulator.Build.0 = Release|Any CPU
		{8784C149-30D6-4B3A-91F4-FC5BC4675EE8}.Ad-Hoc|iPhoneSimulator.Deploy.0 = Release|Any CPU
		{8784C149-30D6-4B3A-91F4-FC5BC4675EE8}.AppStore|Any CPU.ActiveCfg = Release|Any CPU
		{8784C149-30D6-4B3A-91F4-FC5BC4675EE8}.AppStore|Any CPU.Build.0 = Release|Any CPU
		{8784C149-30D6-4B3A-91F4-FC5BC4675EE8}.AppStore|Any CPU.Deploy.0 = Release|Any CPU
		{8784C149-30D6-4B3A-91F4-FC5BC4675EE8}.AppStore|iPhone.ActiveCfg = Release|Any CPU
		{8784C149-30D6-4B3A-91F4-FC5BC4675EE8}.AppStore|iPhone.Build.0 = Release|Any CPU
		{8784C149-30D6-4B3A-91F4-FC5BC4675EE8}.AppStore|iPhone.Deploy.0 = Release|Any CPU
		{8784C149-30D6-4B3A-91F4-FC5BC4675EE8}.AppStore|iPhoneSimulator.ActiveCfg = Release|Any CPU
		{8784C149-30D6-4B3A-91F4-FC5BC4675EE8}.AppStore|iPhoneSimulator.Build.0 = Release|Any CPU
		{8784C149-30D6-4B3A-91F4-FC5BC4675EE8}.AppStore|iPhoneSimulator.Deploy.0 = Release|Any CPU
		{8784C149-30D6-4B3A-91F4-FC5BC4675EE8}.Debug|Any CPU.ActiveCfg = Debug|Any CPU
		{8784C149-30D6-4B3A-91F4-FC5BC4675EE8}.Debug|Any CPU.Build.0 = Debug|Any CPU
		{8784C149-30D6-4B3A-91F4-FC5BC4675EE8}.Debug|Any CPU.Deploy.0 = Debug|Any CPU
		{8784C149-30D6-4B3A-91F4-FC5BC4675EE8}.Debug|iPhone.ActiveCfg = Debug|Any CPU
		{8784C149-30D6-4B3A-91F4-FC5BC4675EE8}.Debug|iPhone.Build.0 = Debug|Any CPU
		{8784C149-30D6-4B3A-91F4-FC5BC4675EE8}.Debug|iPhone.Deploy.0 = Debug|Any CPU
		{8784C149-30D6-4B3A-91F4-FC5BC4675EE8}.Debug|iPhoneSimulator.ActiveCfg = Debug|Any CPU
		{8784C149-30D6-4B3A-91F4-FC5BC4675EE8}.Debug|iPhoneSimulator.Build.0 = Debug|Any CPU
		{8784C149-30D6-4B3A-91F4-FC5BC4675EE8}.Debug|iPhoneSimulator.Deploy.0 = Debug|Any CPU
		{8784C149-30D6-4B3A-91F4-FC5BC4675EE8}.Release|Any CPU.ActiveCfg = Release|Any CPU
		{8784C149-30D6-4B3A-91F4-FC5BC4675EE8}.Release|Any CPU.Build.0 = Release|Any CPU
		{8784C149-30D6-4B3A-91F4-FC5BC4675EE8}.Release|Any CPU.Deploy.0 = Release|Any CPU
		{8784C149-30D6-4B3A-91F4-FC5BC4675EE8}.Release|iPhone.ActiveCfg = Release|Any CPU
		{8784C149-30D6-4B3A-91F4-FC5BC4675EE8}.Release|iPhone.Build.0 = Release|Any CPU
		{8784C149-30D6-4B3A-91F4-FC5BC4675EE8}.Release|iPhone.Deploy.0 = Release|Any CPU
		{8784C149-30D6-4B3A-91F4-FC5BC4675EE8}.Release|iPhoneSimulator.ActiveCfg = Release|Any CPU
		{8784C149-30D6-4B3A-91F4-FC5BC4675EE8}.Release|iPhoneSimulator.Build.0 = Release|Any CPU
		{8784C149-30D6-4B3A-91F4-FC5BC4675EE8}.Release|iPhoneSimulator.Deploy.0 = Release|Any CPU
		{C6A6D2F6-5E08-4A28-AC6C-FB088A23D50F}.Ad-Hoc|Any CPU.ActiveCfg = Ad-Hoc|iPhone
		{C6A6D2F6-5E08-4A28-AC6C-FB088A23D50F}.Ad-Hoc|Any CPU.Build.0 = Ad-Hoc|iPhone
		{C6A6D2F6-5E08-4A28-AC6C-FB088A23D50F}.Ad-Hoc|Any CPU.Deploy.0 = Ad-Hoc|iPhone
		{C6A6D2F6-5E08-4A28-AC6C-FB088A23D50F}.Ad-Hoc|iPhone.ActiveCfg = Ad-Hoc|iPhone
		{C6A6D2F6-5E08-4A28-AC6C-FB088A23D50F}.Ad-Hoc|iPhone.Build.0 = Ad-Hoc|iPhone
		{C6A6D2F6-5E08-4A28-AC6C-FB088A23D50F}.Ad-Hoc|iPhone.Deploy.0 = Ad-Hoc|iPhone
		{C6A6D2F6-5E08-4A28-AC6C-FB088A23D50F}.Ad-Hoc|iPhoneSimulator.ActiveCfg = Ad-Hoc|iPhoneSimulator
		{C6A6D2F6-5E08-4A28-AC6C-FB088A23D50F}.Ad-Hoc|iPhoneSimulator.Build.0 = Ad-Hoc|iPhoneSimulator
		{C6A6D2F6-5E08-4A28-AC6C-FB088A23D50F}.Ad-Hoc|iPhoneSimulator.Deploy.0 = Ad-Hoc|iPhoneSimulator
		{C6A6D2F6-5E08-4A28-AC6C-FB088A23D50F}.AppStore|Any CPU.ActiveCfg = AppStore|iPhone
		{C6A6D2F6-5E08-4A28-AC6C-FB088A23D50F}.AppStore|Any CPU.Build.0 = AppStore|iPhone
		{C6A6D2F6-5E08-4A28-AC6C-FB088A23D50F}.AppStore|Any CPU.Deploy.0 = AppStore|iPhone
		{C6A6D2F6-5E08-4A28-AC6C-FB088A23D50F}.AppStore|iPhone.ActiveCfg = AppStore|iPhone
		{C6A6D2F6-5E08-4A28-AC6C-FB088A23D50F}.AppStore|iPhone.Build.0 = AppStore|iPhone
		{C6A6D2F6-5E08-4A28-AC6C-FB088A23D50F}.AppStore|iPhone.Deploy.0 = AppStore|iPhone
		{C6A6D2F6-5E08-4A28-AC6C-FB088A23D50F}.AppStore|iPhoneSimulator.ActiveCfg = AppStore|iPhoneSimulator
		{C6A6D2F6-5E08-4A28-AC6C-FB088A23D50F}.AppStore|iPhoneSimulator.Build.0 = AppStore|iPhoneSimulator
		{C6A6D2F6-5E08-4A28-AC6C-FB088A23D50F}.AppStore|iPhoneSimulator.Deploy.0 = AppStore|iPhoneSimulator
		{C6A6D2F6-5E08-4A28-AC6C-FB088A23D50F}.Debug|Any CPU.ActiveCfg = Debug|iPhoneSimulator
		{C6A6D2F6-5E08-4A28-AC6C-FB088A23D50F}.Debug|Any CPU.Build.0 = Debug|iPhoneSimulator
		{C6A6D2F6-5E08-4A28-AC6C-FB088A23D50F}.Debug|Any CPU.Deploy.0 = Debug|iPhoneSimulator
		{C6A6D2F6-5E08-4A28-AC6C-FB088A23D50F}.Debug|iPhone.ActiveCfg = Debug|iPhone
		{C6A6D2F6-5E08-4A28-AC6C-FB088A23D50F}.Debug|iPhone.Build.0 = Debug|iPhone
		{C6A6D2F6-5E08-4A28-AC6C-FB088A23D50F}.Debug|iPhone.Deploy.0 = Debug|iPhone
		{C6A6D2F6-5E08-4A28-AC6C-FB088A23D50F}.Debug|iPhoneSimulator.ActiveCfg = Debug|iPhoneSimulator
		{C6A6D2F6-5E08-4A28-AC6C-FB088A23D50F}.Debug|iPhoneSimulator.Build.0 = Debug|iPhoneSimulator
		{C6A6D2F6-5E08-4A28-AC6C-FB088A23D50F}.Debug|iPhoneSimulator.Deploy.0 = Debug|iPhoneSimulator
		{C6A6D2F6-5E08-4A28-AC6C-FB088A23D50F}.Release|Any CPU.ActiveCfg = Release|iPhone
		{C6A6D2F6-5E08-4A28-AC6C-FB088A23D50F}.Release|Any CPU.Build.0 = Release|iPhone
		{C6A6D2F6-5E08-4A28-AC6C-FB088A23D50F}.Release|Any CPU.Deploy.0 = Release|iPhone
		{C6A6D2F6-5E08-4A28-AC6C-FB088A23D50F}.Release|iPhone.ActiveCfg = Release|iPhone
		{C6A6D2F6-5E08-4A28-AC6C-FB088A23D50F}.Release|iPhone.Build.0 = Release|iPhone
		{C6A6D2F6-5E08-4A28-AC6C-FB088A23D50F}.Release|iPhone.Deploy.0 = Release|iPhone
		{C6A6D2F6-5E08-4A28-AC6C-FB088A23D50F}.Release|iPhoneSimulator.ActiveCfg = Release|iPhoneSimulator
		{C6A6D2F6-5E08-4A28-AC6C-FB088A23D50F}.Release|iPhoneSimulator.Build.0 = Release|iPhoneSimulator
		{C6A6D2F6-5E08-4A28-AC6C-FB088A23D50F}.Release|iPhoneSimulator.Deploy.0 = Release|iPhoneSimulator
		{40CF90C5-4699-471C-83BC-4F94B6794E5C}.Ad-Hoc|Any CPU.ActiveCfg = Debug|Any CPU
		{40CF90C5-4699-471C-83BC-4F94B6794E5C}.Ad-Hoc|Any CPU.Build.0 = Debug|Any CPU
		{40CF90C5-4699-471C-83BC-4F94B6794E5C}.Ad-Hoc|Any CPU.Deploy.0 = Debug|Any CPU
		{40CF90C5-4699-471C-83BC-4F94B6794E5C}.Ad-Hoc|iPhone.ActiveCfg = Debug|Any CPU
		{40CF90C5-4699-471C-83BC-4F94B6794E5C}.Ad-Hoc|iPhone.Build.0 = Debug|Any CPU
		{40CF90C5-4699-471C-83BC-4F94B6794E5C}.Ad-Hoc|iPhone.Deploy.0 = Debug|Any CPU
		{40CF90C5-4699-471C-83BC-4F94B6794E5C}.Ad-Hoc|iPhoneSimulator.ActiveCfg = Debug|Any CPU
		{40CF90C5-4699-471C-83BC-4F94B6794E5C}.Ad-Hoc|iPhoneSimulator.Build.0 = Debug|Any CPU
		{40CF90C5-4699-471C-83BC-4F94B6794E5C}.Ad-Hoc|iPhoneSimulator.Deploy.0 = Debug|Any CPU
		{40CF90C5-4699-471C-83BC-4F94B6794E5C}.AppStore|Any CPU.ActiveCfg = Debug|Any CPU
		{40CF90C5-4699-471C-83BC-4F94B6794E5C}.AppStore|Any CPU.Build.0 = Debug|Any CPU
		{40CF90C5-4699-471C-83BC-4F94B6794E5C}.AppStore|Any CPU.Deploy.0 = Debug|Any CPU
		{40CF90C5-4699-471C-83BC-4F94B6794E5C}.AppStore|iPhone.ActiveCfg = Debug|Any CPU
		{40CF90C5-4699-471C-83BC-4F94B6794E5C}.AppStore|iPhone.Build.0 = Debug|Any CPU
		{40CF90C5-4699-471C-83BC-4F94B6794E5C}.AppStore|iPhone.Deploy.0 = Debug|Any CPU
		{40CF90C5-4699-471C-83BC-4F94B6794E5C}.AppStore|iPhoneSimulator.ActiveCfg = Debug|Any CPU
		{40CF90C5-4699-471C-83BC-4F94B6794E5C}.AppStore|iPhoneSimulator.Build.0 = Debug|Any CPU
		{40CF90C5-4699-471C-83BC-4F94B6794E5C}.AppStore|iPhoneSimulator.Deploy.0 = Debug|Any CPU
		{40CF90C5-4699-471C-83BC-4F94B6794E5C}.Debug|Any CPU.ActiveCfg = Debug|Any CPU
		{40CF90C5-4699-471C-83BC-4F94B6794E5C}.Debug|Any CPU.Build.0 = Debug|Any CPU
		{40CF90C5-4699-471C-83BC-4F94B6794E5C}.Debug|Any CPU.Deploy.0 = Debug|Any CPU
		{40CF90C5-4699-471C-83BC-4F94B6794E5C}.Debug|iPhone.ActiveCfg = Debug|Any CPU
		{40CF90C5-4699-471C-83BC-4F94B6794E5C}.Debug|iPhone.Build.0 = Debug|Any CPU
		{40CF90C5-4699-471C-83BC-4F94B6794E5C}.Debug|iPhone.Deploy.0 = Debug|Any CPU
		{40CF90C5-4699-471C-83BC-4F94B6794E5C}.Debug|iPhoneSimulator.ActiveCfg = Debug|Any CPU
		{40CF90C5-4699-471C-83BC-4F94B6794E5C}.Debug|iPhoneSimulator.Build.0 = Debug|Any CPU
		{40CF90C5-4699-471C-83BC-4F94B6794E5C}.Debug|iPhoneSimulator.Deploy.0 = Debug|Any CPU
		{40CF90C5-4699-471C-83BC-4F94B6794E5C}.Release|Any CPU.ActiveCfg = Release|Any CPU
		{40CF90C5-4699-471C-83BC-4F94B6794E5C}.Release|Any CPU.Build.0 = Release|Any CPU
		{40CF90C5-4699-471C-83BC-4F94B6794E5C}.Release|Any CPU.Deploy.0 = Release|Any CPU
		{40CF90C5-4699-471C-83BC-4F94B6794E5C}.Release|iPhone.ActiveCfg = Release|Any CPU
		{40CF90C5-4699-471C-83BC-4F94B6794E5C}.Release|iPhone.Build.0 = Release|Any CPU
		{40CF90C5-4699-471C-83BC-4F94B6794E5C}.Release|iPhone.Deploy.0 = Release|Any CPU
		{40CF90C5-4699-471C-83BC-4F94B6794E5C}.Release|iPhoneSimulator.ActiveCfg = Release|Any CPU
		{40CF90C5-4699-471C-83BC-4F94B6794E5C}.Release|iPhoneSimulator.Build.0 = Release|Any CPU
		{40CF90C5-4699-471C-83BC-4F94B6794E5C}.Release|iPhoneSimulator.Deploy.0 = Release|Any CPU
	EndGlobalSection
	GlobalSection(SolutionProperties) = preSolution
		HideSolutionNode = FALSE
	EndGlobalSection
	GlobalSection(ExtensibilityGlobals) = postSolution
		SolutionGuid = {0647BB46-BD9F-4C5E-AE11-35D96B02D033}
	EndGlobalSection
EndGlobal
